
Microsoft Visual Studio Solution File, Format Version 12.00
# Visual Studio Version 17
VisualStudioVersion = 17.4.33213.308
MinimumVisualStudioVersion = 10.0.40219.1
Project("{9A19103F-16F7-4668-BE54-9A1E7A4F7556}") = "Trip.Server", "Trip\Server\Trip.Server.csproj", "{3A878087-1218-4A4F-BA2B-B5FF2EB93D8D}"
EndProject
Project("{9A19103F-16F7-4668-BE54-9A1E7A4F7556}") = "Trip.Client", "Trip\Client\Trip.Client.csproj", "{357EC874-66E8-4FF9-9AA1-F06AEF9DCD84}"
EndProject
Project("{9A19103F-16F7-4668-BE54-9A1E7A4F7556}") = "Trip.Shared", "Trip\Shared\Trip.Shared.csproj", "{7C2AA7B8-F655-46C8-B927-355D0A9668F4}"
EndProject
Project("{2150E333-8FDC-42A3-9474-1A3956D46DE8}") = "Presentation", "Presentation", "{0B9479E3-20E8-4D24-980C-154702EDED69}"
EndProject
Project("{2150E333-8FDC-42A3-9474-1A3956D46DE8}") = "Shared", "Shared", "{E1FC993C-4904-4C7D-8E99-E7C68C7348EE}"
EndProject
Project("{2150E333-8FDC-42A3-9474-1A3956D46DE8}") = "Application", "Application", "{3501A28A-FCD6-4958-9B90-5D9DCEAED8B4}"
EndProject
Project("{2150E333-8FDC-42A3-9474-1A3956D46DE8}") = "Domain", "Domain", "{8B6EEB82-55E8-434A-BFA8-FBC40337E723}"
EndProject
Project("{2150E333-8FDC-42A3-9474-1A3956D46DE8}") = "Infrastructure", "Infrastructure", "{0584EEAF-C53D-405F-AD7E-386E2780A21F}"
EndProject
Project("{FAE04EC0-301F-11D3-BF4B-00C04F79EFBC}") = "Trip.Domain", "Trip.Domain\Trip.Domain.csproj", "{323F5A2E-D13E-4BE4-A9DD-CA6514581F57}"
EndProject
Project("{FAE04EC0-301F-11D3-BF4B-00C04F79EFBC}") = "Trip.Application", "Trip.Application\Trip.Application.csproj", "{DF9C0201-FCB7-424C-9A8E-6A48EBB3881E}"
EndProject
Project("{FAE04EC0-301F-11D3-BF4B-00C04F79EFBC}") = "Trip.Infrastructure", "Trip.Infrastructure\Trip.Infrastructure.csproj", "{4A07BF32-DFB4-4042-A09F-4ED3A3ED00BF}"
EndProject
Project("{FAE04EC0-301F-11D3-BF4B-00C04F79EFBC}") = "Trip.Persistance", "Trip.Persistance\Trip.Persistance.csproj", "{10DE8BDC-BF62-4240-9384-C0BDC38DB223}"
EndProject
Global
	GlobalSection(SolutionConfigurationPlatforms) = preSolution
		Debug|Any CPU = Debug|Any CPU
		Release|Any CPU = Release|Any CPU
	EndGlobalSection
	GlobalSection(ProjectConfigurationPlatforms) = postSolution
		{3A878087-1218-4A4F-BA2B-B5FF2EB93D8D}.Debug|Any CPU.ActiveCfg = Debug|Any CPU
		{3A878087-1218-4A4F-BA2B-B5FF2EB93D8D}.Debug|Any CPU.Build.0 = Debug|Any CPU
		{3A878087-1218-4A4F-BA2B-B5FF2EB93D8D}.Release|Any CPU.ActiveCfg = Release|Any CPU
		{3A878087-1218-4A4F-BA2B-B5FF2EB93D8D}.Release|Any CPU.Build.0 = Release|Any CPU
		{357EC874-66E8-4FF9-9AA1-F06AEF9DCD84}.Debug|Any CPU.ActiveCfg = Debug|Any CPU
		{357EC874-66E8-4FF9-9AA1-F06AEF9DCD84}.Debug|Any CPU.Build.0 = Debug|Any CPU
		{357EC874-66E8-4FF9-9AA1-F06AEF9DCD84}.Release|Any CPU.ActiveCfg = Release|Any CPU
		{357EC874-66E8-4FF9-9AA1-F06AEF9DCD84}.Release|Any CPU.Build.0 = Release|Any CPU
		{7C2AA7B8-F655-46C8-B927-355D0A9668F4}.Debug|Any CPU.ActiveCfg = Debug|Any CPU
		{7C2AA7B8-F655-46C8-B927-355D0A9668F4}.Debug|Any CPU.Build.0 = Debug|Any CPU
		{7C2AA7B8-F655-46C8-B927-355D0A9668F4}.Release|Any CPU.ActiveCfg = Release|Any CPU
		{7C2AA7B8-F655-46C8-B927-355D0A9668F4}.Release|Any CPU.Build.0 = Release|Any CPU
		{323F5A2E-D13E-4BE4-A9DD-CA6514581F57}.Debug|Any CPU.ActiveCfg = Debug|Any CPU
		{323F5A2E-D13E-4BE4-A9DD-CA6514581F57}.Debug|Any CPU.Build.0 = Debug|Any CPU
		{323F5A2E-D13E-4BE4-A9DD-CA6514581F57}.Release|Any CPU.ActiveCfg = Release|Any CPU
		{323F5A2E-D13E-4BE4-A9DD-CA6514581F57}.Release|Any CPU.Build.0 = Release|Any CPU
		{DF9C0201-FCB7-424C-9A8E-6A48EBB3881E}.Debug|Any CPU.ActiveCfg = Debug|Any CPU
		{DF9C0201-FCB7-424C-9A8E-6A48EBB3881E}.Debug|Any CPU.Build.0 = Debug|Any CPU
		{DF9C0201-FCB7-424C-9A8E-6A48EBB3881E}.Release|Any CPU.ActiveCfg = Release|Any CPU
		{DF9C0201-FCB7-424C-9A8E-6A48EBB3881E}.Release|Any CPU.Build.0 = Release|Any CPU
		{4A07BF32-DFB4-4042-A09F-4ED3A3ED00BF}.Debug|Any CPU.ActiveCfg = Debug|Any CPU
		{4A07BF32-DFB4-4042-A09F-4ED3A3ED00BF}.Debug|Any CPU.Build.0 = Debug|Any CPU
		{4A07BF32-DFB4-4042-A09F-4ED3A3ED00BF}.Release|Any CPU.ActiveCfg = Release|Any CPU
		{4A07BF32-DFB4-4042-A09F-4ED3A3ED00BF}.Release|Any CPU.Build.0 = Release|Any CPU
		{10DE8BDC-BF62-4240-9384-C0BDC38DB223}.Debug|Any CPU.ActiveCfg = Debug|Any CPU
		{10DE8BDC-BF62-4240-9384-C0BDC38DB223}.Debug|Any CPU.Build.0 = Debug|Any CPU
		{10DE8BDC-BF62-4240-9384-C0BDC38DB223}.Release|Any CPU.ActiveCfg = Release|Any CPU
		{10DE8BDC-BF62-4240-9384-C0BDC38DB223}.Release|Any CPU.Build.0 = Release|Any CPU
	EndGlobalSection
	GlobalSection(SolutionProperties) = preSolution
		HideSolutionNode = FALSE
	EndGlobalSection
	GlobalSection(NestedProjects) = preSolution
		{3A878087-1218-4A4F-BA2B-B5FF2EB93D8D} = {0B9479E3-20E8-4D24-980C-154702EDED69}
		{357EC874-66E8-4FF9-9AA1-F06AEF9DCD84} = {0B9479E3-20E8-4D24-980C-154702EDED69}
		{7C2AA7B8-F655-46C8-B927-355D0A9668F4} = {E1FC993C-4904-4C7D-8E99-E7C68C7348EE}
		{323F5A2E-D13E-4BE4-A9DD-CA6514581F57} = {8B6EEB82-55E8-434A-BFA8-FBC40337E723}
		{DF9C0201-FCB7-424C-9A8E-6A48EBB3881E} = {3501A28A-FCD6-4958-9B90-5D9DCEAED8B4}
		{4A07BF32-DFB4-4042-A09F-4ED3A3ED00BF} = {0584EEAF-C53D-405F-AD7E-386E2780A21F}
		{10DE8BDC-BF62-4240-9384-C0BDC38DB223} = {0584EEAF-C53D-405F-AD7E-386E2780A21F}
	EndGlobalSection
	GlobalSection(ExtensibilityGlobals) = postSolution
		SolutionGuid = {C360CEB4-EF62-49C5-90F3-A26A9DDE62B0}
	EndGlobalSection
EndGlobal
